version: 1.0
shards:
  callback:
    github: mosop/callback
    version: 0.6.3

  cli:
    github: mosop/cli
    version: 0.7.0

  db:
    github: crystal-lang/crystal-db
    version: 0.5.1

  faker:
    github: askn/faker
    version: 0.4.0

  optarg:
    github: mosop/optarg
    version: 0.5.8

  sqlite3:
    github: crystal-lang/crystal-sqlite3
    version: 0.10.0

  string_inflection:
    github: mosop/string_inflection
    version: 0.2.1

